
Microsoft Visual Studio Solution File, Format Version 12.00
# Visual Studio Version 17
VisualStudioVersion = 17.3.32929.385
MinimumVisualStudioVersion = 10.0.40219.1
Project("{FAE04EC0-301F-11D3-BF4B-00C04F79EFBC}") = "sinavNotuHesaplama", "sinavNotuHesaplama\sinavNotuHesaplama.csproj", "{F3A7351C-B98B-4B46-87DB-3448BDB18BBB}"
EndProject
Global
	GlobalSection(SolutionConfigurationPlatforms) = preSolution
		Debug|Any CPU = Debug|Any CPU
		Release|Any CPU = Release|Any CPU
	EndGlobalSection
	GlobalSection(ProjectConfigurationPlatforms) = postSolution
		{F3A7351C-B98B-4B46-87DB-3448BDB18BBB}.Debug|Any CPU.ActiveCfg = Debug|Any CPU
		{F3A7351C-B98B-4B46-87DB-3448BDB18BBB}.Debug|Any CPU.Build.0 = Debug|Any CPU
		{F3A7351C-B98B-4B46-87DB-3448BDB18BBB}.Release|Any CPU.ActiveCfg = Release|Any CPU
		{F3A7351C-B98B-4B46-87DB-3448BDB18BBB}.Release|Any CPU.Build.0 = Release|Any CPU
	EndGlobalSection
	GlobalSection(SolutionProperties) = preSolution
		HideSolutionNode = FALSE
	EndGlobalSection
	GlobalSection(ExtensibilityGlobals) = postSolution
		SolutionGuid = {E1A2E96E-E8F9-49BF-9B50-6BE62E47D62A}
	EndGlobalSection
EndGlobal
